// !$*UTF8*$!
{
	archiveVersion = 1;
	classes = {
	};
	objectVersion = 56;
	objects = {

/* Begin PBXBuildFile section */
		E58C67E7292BF2A000164708 /* DeviceModel.swift in Sources */ = {isa = PBXBuildFile; fileRef = E58C67E6292BF2A000164708 /* DeviceModel.swift */; };
		E5A7DDBC2927A5B400162509 /* MonitoringApp.swift in Sources */ = {isa = PBXBuildFile; fileRef = E5A7DDBB2927A5B400162509 /* MonitoringApp.swift */; };
		E5A7DDBE2927A5B400162509 /* ContentView.swift in Sources */ = {isa = PBXBuildFile; fileRef = E5A7DDBD2927A5B400162509 /* ContentView.swift */; };
		E5A7DDC02927A5B700162509 /* Assets.xcassets in Resources */ = {isa = PBXBuildFile; fileRef = E5A7DDBF2927A5B700162509 /* Assets.xcassets */; };
		E5A7DDC32927A5B700162509 /* Preview Assets.xcassets in Resources */ = {isa = PBXBuildFile; fileRef = E5A7DDC22927A5B700162509 /* Preview Assets.xcassets */; };
		E5A7DDCD2927A6BF00162509 /* MonitoringModel.swift in Sources */ = {isa = PBXBuildFile; fileRef = E5A7DDCC2927A6BF00162509 /* MonitoringModel.swift */; };
/* End PBXBuildFile section */

/* Begin PBXFileReference section */
		E58C67E6292BF2A000164708 /* DeviceModel.swift */ = {isa = PBXFileReference; lastKnownFileType = sourcecode.swift; path = DeviceModel.swift; sourceTree = "<group>"; };
		E5A7DDB82927A5B400162509 /* Monitoring.app */ = {isa = PBXFileReference; explicitFileType = wrapper.application; includeInIndex = 0; path = Monitoring.app; sourceTree = BUILT_PRODUCTS_DIR; };
		E5A7DDBB2927A5B400162509 /* MonitoringApp.swift */ = {isa = PBXFileReference; lastKnownFileType = sourcecode.swift; path = MonitoringApp.swift; sourceTree = "<group>"; };
		E5A7DDBD2927A5B400162509 /* ContentView.swift */ = {isa = PBXFileReference; lastKnownFileType = sourcecode.swift; path = ContentView.swift; sourceTree = "<group>"; };
		E5A7DDBF2927A5B700162509 /* Assets.xcassets */ = {isa = PBXFileReference; lastKnownFileType = folder.assetcatalog; path = Assets.xcassets; sourceTree = "<group>"; };
		E5A7DDC22927A5B700162509 /* Preview Assets.xcassets */ = {isa = PBXFileReference; lastKnownFileType = folder.assetcatalog; path = "Preview Assets.xcassets"; sourceTree = "<group>"; };
		E5A7DDCC2927A6BF00162509 /* MonitoringModel.swift */ = {isa = PBXFileReference; lastKnownFileType = sourcecode.swift; path = MonitoringModel.swift; sourceTree = "<group>"; };
/* End PBXFileReference section */

/* Begin PBXFrameworksBuildPhase section */
		E5A7DDB52927A5B400162509 /* Frameworks */ = {
			isa = PBXFrameworksBuildPhase;
			buildActionMask = 2147483647;
			files = (
			);
			runOnlyForDeploymentPostprocessing = 0;
		};
/* End PBXFrameworksBuildPhase section */

/* Begin PBXGroup section */
		E5A7DDAF2927A5B400162509 = {
			isa = PBXGroup;
			children = (
				E5A7DDBA2927A5B400162509 /* Monitoring */,
				E5A7DDB92927A5B400162509 /* Products */,
			);
			sourceTree = "<group>";
		};
		E5A7DDB92927A5B400162509 /* Products */ = {
			isa = PBXGroup;
			children = (
				E5A7DDB82927A5B400162509 /* Monitoring.app */,
			);
			name = Products;
			sourceTree = "<group>";
		};
		E5A7DDBA2927A5B400162509 /* Monitoring */ = {
			isa = PBXGroup;
			children = (
				E5A7DDCA2927A5E600162509 /* Core */,
				E5A7DDCB2927A5F500162509 /* UI */,
				E5A7DDC92927A5D700162509 /* Resources */,
				E5A7DDC12927A5B700162509 /* Preview Content */,
			);
			path = Monitoring;
			sourceTree = "<group>";
		};
		E5A7DDC12927A5B700162509 /* Preview Content */ = {
			isa = PBXGroup;
			children = (
				E5A7DDC22927A5B700162509 /* Preview Assets.xcassets */,
			);
			path = "Preview Content";
			sourceTree = "<group>";
		};
		E5A7DDC92927A5D700162509 /* Resources */ = {
			isa = PBXGroup;
			children = (
				E5A7DDBF2927A5B700162509 /* Assets.xcassets */,
			);
			path = Resources;
			sourceTree = "<group>";
		};
		E5A7DDCA2927A5E600162509 /* Core */ = {
			isa = PBXGroup;
			children = (
				E5A7DDBB2927A5B400162509 /* MonitoringApp.swift */,
			);
			path = Core;
			sourceTree = "<group>";
		};
		E5A7DDCB2927A5F500162509 /* UI */ = {
			isa = PBXGroup;
			children = (
				E5A7DDBD2927A5B400162509 /* ContentView.swift */,
				E58C67E6292BF2A000164708 /* DeviceModel.swift */,
				E5A7DDCC2927A6BF00162509 /* MonitoringModel.swift */,
			);
			path = UI;
			sourceTree = "<group>";
		};
/* End PBXGroup section */

/* Begin PBXNativeTarget section */
		E5A7DDB72927A5B400162509 /* Monitoring */ = {
			isa = PBXNativeTarget;
			buildConfigurationList = E5A7DDC62927A5B700162509 /* Build configuration list for PBXNativeTarget "Monitoring" */;
			buildPhases = (
				E5A7DDB42927A5B400162509 /* Sources */,
				E5A7DDB52927A5B400162509 /* Frameworks */,
				E5A7DDB62927A5B400162509 /* Resources */,
			);
			buildRules = (
			);
			dependencies = (
			);
			name = Monitoring;
			productName = Monitoring;
			productReference = E5A7DDB82927A5B400162509 /* Monitoring.app */;
			productType = "com.apple.product-type.application";
		};
/* End PBXNativeTarget section */

/* Begin PBXProject section */
		E5A7DDB02927A5B400162509 /* Project object */ = {
			isa = PBXProject;
			attributes = {
				BuildIndependentTargetsInParallel = 1;
				LastSwiftUpdateCheck = 1410;
				LastUpgradeCheck = 1410;
				TargetAttributes = {
					E5A7DDB72927A5B400162509 = {
						CreatedOnToolsVersion = 14.1;
					};
				};
			};
			buildConfigurationList = E5A7DDB32927A5B400162509 /* Build configuration list for PBXProject "Monitoring" */;
			compatibilityVersion = "Xcode 14.0";
			developmentRegion = en;
			hasScannedForEncodings = 0;
			knownRegions = (
				en,
				Base,
			);
			mainGroup = E5A7DDAF2927A5B400162509;
			productRefGroup = E5A7DDB92927A5B400162509 /* Products */;
			projectDirPath = "";
			projectRoot = "";
			targets = (
				E5A7DDB72927A5B400162509 /* Monitoring */,
			);
		};
/* End PBXProject section */

/* Begin PBXResourcesBuildPhase section */
		E5A7DDB62927A5B400162509 /* Resources */ = {
			isa = PBXResourcesBuildPhase;
			buildActionMask = 2147483647;
			files = (
				E5A7DDC32927A5B700162509 /* Preview Assets.xcassets in Resources */,
				E5A7DDC02927A5B700162509 /* Assets.xcassets in Resources */,
			);
			runOnlyForDeploymentPostprocessing = 0;
		};
/* End PBXResourcesBuildPhase section */

/* Begin PBXSourcesBuildPhase section */
		E5A7DDB42927A5B400162509 /* Sources */ = {
			isa = PBXSourcesBuildPhase;
			buildActionMask = 2147483647;
			files = (
				E5A7DDBE2927A5B400162509 /* ContentView.swift in Sources */,
				E58C67E7292BF2A000164708 /* DeviceModel.swift in Sources */,
				E5A7DDBC2927A5B400162509 /* MonitoringApp.swift in Sources */,
				E5A7DDCD2927A6BF00162509 /* MonitoringModel.swift in Sources */,
			);
			runOnlyForDeploymentPostprocessing = 0;
		};
/* End PBXSourcesBuildPhase section */

/* Begin XCBuildConfiguration section */
		E5A7DDC42927A5B700162509 /* Debug */ = {
			isa = XCBuildConfiguration;
			buildSettings = {
				ALWAYS_SEARCH_USER_PATHS = NO;
				CLANG_ANALYZER_NONNULL = YES;
				CLANG_ANALYZER_NUMBER_OBJECT_CONVERSION = YES_AGGRESSIVE;
				CLANG_CXX_LANGUAGE_STANDARD = "gnu++20";
				CLANG_ENABLE_MODULES = YES;
				CLANG_ENABLE_OBJC_ARC = YES;
				CLANG_ENABLE_OBJC_WEAK = YES;
				CLANG_WARN_BLOCK_CAPTURE_AUTORELEASING = YES;
				CLANG_WARN_BOOL_CONVERSION = YES;
				CLANG_WARN_COMMA = YES;
				CLANG_WARN_CONSTANT_CONVERSION = YES;
				CLANG_WARN_DEPRECATED_OBJC_IMPLEMENTATIONS = YES;
				CLANG_WARN_DIRECT_OBJC_ISA_USAGE = YES_ERROR;
				CLANG_WARN_DOCUMENTATION_COMMENTS = YES;
				CLANG_WARN_EMPTY_BODY = YES;
				CLANG_WARN_ENUM_CONVERSION = YES;
				CLANG_WARN_INFINITE_RECURSION = YES;
				CLANG_WARN_INT_CONVERSION = YES;
				CLANG_WARN_NON_LITERAL_NULL_CONVERSION = YES;
				CLANG_WARN_OBJC_IMPLICIT_RETAIN_SELF = YES;
				CLANG_WARN_OBJC_LITERAL_CONVERSION = YES;
				CLANG_WARN_OBJC_ROOT_CLASS = YES_ERROR;
				CLANG_WARN_QUOTED_INCLUDE_IN_FRAMEWORK_HEADER = YES;
				CLANG_WARN_RANGE_LOOP_ANALYSIS = YES;
				CLANG_WARN_STRICT_PROTOTYPES = YES;
				CLANG_WARN_SUSPICIOUS_MOVE = YES;
				CLANG_WARN_UNGUARDED_AVAILABILITY = YES_AGGRESSIVE;
				CLANG_WARN_UNREACHABLE_CODE = YES;
				CLANG_WARN__DUPLICATE_METHOD_MATCH = YES;
				COPY_PHASE_STRIP = NO;
				DEBUG_INFORMATION_FORMAT = dwarf;
				ENABLE_STRICT_OBJC_MSGSEND = YES;
				ENABLE_TESTABILITY = YES;
				GCC_C_LANGUAGE_STANDARD = gnu11;
				GCC_DYNAMIC_NO_PIC = NO;
				GCC_NO_COMMON_BLOCKS = YES;
				GCC_OPTIMIZATION_LEVEL = 0;
				GCC_PREPROCESSOR_DEFINITIONS = (
					"DEBUG=1",
					"$(inherited)",
				);
				GCC_WARN_64_TO_32_BIT_CONVERSION = YES;
				GCC_WARN_ABOUT_RETURN_TYPE = YES_ERROR;
				GCC_WARN_UNDECLARED_SELECTOR = YES;
				GCC_WARN_UNINITIALIZED_AUTOS = YES_AGGRESSIVE;
				GCC_WARN_UNUSED_FUNCTION = YES;
				GCC_WARN_UNUSED_VARIABLE = YES;
				IPHONEOS_DEPLOYMENT_TARGET = 16.1;
				MTL_ENABLE_DEBUG_INFO = INCLUDE_SOURCE;
				MTL_FAST_MATH = YES;
				ONLY_ACTIVE_ARCH = YES;
				SDKROOT = iphoneos;
				SWIFT_ACTIVE_COMPILATION_CONDITIONS = DEBUG;
				SWIFT_OPTIMIZATION_LEVEL = "-Onone";
			};
			name = Debug;
		};
		E5A7DDC52927A5B700162509 /* Release */ = {
			isa = XCBuildConfiguration;
			buildSettings = {
				ALWAYS_SEARCH_USER_PATHS = NO;
				CLANG_ANALYZER_NONNULL = YES;
				CLANG_ANALYZER_NUMBER_OBJECT_CONVERSION = YES_AGGRESSIVE;
				CLANG_CXX_LANGUAGE_STANDARD = "gnu++20";
				CLANG_ENABLE_MODULES = YES;
				CLANG_ENABLE_OBJC_ARC = YES;
				CLANG_ENABLE_OBJC_WEAK = YES;
				CLANG_WARN_BLOCK_CAPTURE_AUTORELEASING = YES;
				CLANG_WARN_BOOL_CONVERSION = YES;
				CLANG_WARN_COMMA = YES;
				CLANG_WARN_CONSTANT_CONVERSION = YES;
				CLANG_WARN_DEPRECATED_OBJC_IMPLEMENTATIONS = YES;
				CLANG_WARN_DIRECT_OBJC_ISA_USAGE = YES_ERROR;
				CLANG_WARN_DOCUMENTATION_COMMENTS = YES;
				CLANG_WARN_EMPTY_BODY = YES;
				CLANG_WARN_ENUM_CONVERSION = YES;
				CLANG_WARN_INFINITE_RECURSION = YES;
				CLANG_WARN_INT_CONVERSION = YES;
				CLANG_WARN_NON_LITERAL_NULL_CONVERSION = YES;
				CLANG_WARN_OBJC_IMPLICIT_RETAIN_SELF = YES;
				CLANG_WARN_OBJC_LITERAL_CONVERSION = YES;
				CLANG_WARN_OBJC_ROOT_CLASS = YES_ERROR;
				CLANG_WARN_QUOTED_INCLUDE_IN_FRAMEWORK_HEADER = YES;
				CLANG_WARN_RANGE_LOOP_ANALYSIS = YES;
				CLANG_WARN_STRICT_PROTOTYPES = YES;
				CLANG_WARN_SUSPICIOUS_MOVE = YES;
				CLANG_WARN_UNGUARDED_AVAILABILITY = YES_AGGRESSIVE;
				CLANG_WARN_UNREACHABLE_CODE = YES;
				CLANG_WARN__DUPLICATE_METHOD_MATCH = YES;
				COPY_PHASE_STRIP = NO;
				DEBUG_INFORMATION_FORMAT = "dwarf-with-dsym";
				ENABLE_NS_ASSERTIONS = NO;
				ENABLE_STRICT_OBJC_MSGSEND = YES;
				GCC_C_LANGUAGE_STANDARD = gnu11;
				GCC_NO_COMMON_BLOCKS = YES;
				GCC_WARN_64_TO_32_BIT_CONVERSION = YES;
				GCC_WARN_ABOUT_RETURN_TYPE = YES_ERROR;
				GCC_WARN_UNDECLARED_SELECTOR = YES;
				GCC_WARN_UNINITIALIZED_AUTOS = YES_AGGRESSIVE;
				GCC_WARN_UNUSED_FUNCTION = YES;
				GCC_WARN_UNUSED_VARIABLE = YES;
				IPHONEOS_DEPLOYMENT_TARGET = 16.1;
				MTL_ENABLE_DEBUG_INFO = NO;
				MTL_FAST_MATH = YES;
				SDKROOT = iphoneos;
				SWIFT_COMPILATION_MODE = wholemodule;
				SWIFT_OPTIMIZATION_LEVEL = "-O";
				VALIDATE_PRODUCT = YES;
			};
			name = Release;
		};
		E5A7DDC72927A5B700162509 /* Debug */ = {
			isa = XCBuildConfiguration;
			buildSettings = {
				ASSETCATALOG_COMPILER_APPICON_NAME = AppIcon;
				ASSETCATALOG_COMPILER_GLOBAL_ACCENT_COLOR_NAME = AccentColor;
				CODE_SIGN_STYLE = Automatic;
				CURRENT_PROJECT_VERSION = 1;
				DEVELOPMENT_ASSET_PATHS = "\"Monitoring/Preview Content\"";
				DEVELOPMENT_TEAM = 4778UMCE49;
				ENABLE_PREVIEWS = YES;
				GENERATE_INFOPLIST_FILE = YES;
				INFOPLIST_KEY_UIApplicationSceneManifest_Generation = YES;
				INFOPLIST_KEY_UIApplicationSupportsIndirectInputEvents = YES;
				INFOPLIST_KEY_UILaunchScreen_Generation = YES;
				INFOPLIST_KEY_UISupportedInterfaceOrientations_iPad = "UIInterfaceOrientationPortrait UIInterfaceOrientationPortraitUpsideDown UIInterfaceOrientationLandscapeLeft UIInterfaceOrientationLandscapeRight";
				INFOPLIST_KEY_UISupportedInterfaceOrientations_iPhone = "UIInterfaceOrientationPortrait UIInterfaceOrientationLandscapeLeft UIInterfaceOrientationLandscapeRight";
				IPHONEOS_DEPLOYMENT_TARGET = 15.5;
				LD_RUNPATH_SEARCH_PATHS = (
					"$(inherited)",
					"@executable_path/Frameworks",
				);
				MARKETING_VERSION = 1.0;
				PRODUCT_BUNDLE_IDENTIFIER = ru.mobileup.Monitoring;
				PRODUCT_NAME = "$(TARGET_NAME)";
				SWIFT_EMIT_LOC_STRINGS = YES;
				SWIFT_VERSION = 5.0;
				TARGETED_DEVICE_FAMILY = "1,2";
			};
			name = Debug;
		};
		E5A7DDC82927A5B700162509 /* Release */ = {
			isa = XCBuildConfiguration;
			buildSettings = {
				ASSETCATALOG_COMPILER_APPICON_NAME = AppIcon;
				ASSETCATALOG_COMPILER_GLOBAL_ACCENT_COLOR_NAME = AccentColor;
				CODE_SIGN_STYLE = Automatic;
				CURRENT_PROJECT_VERSION = 1;
				DEVELOPMENT_ASSET_PATHS = "\"Monitoring/Preview Content\"";
				DEVELOPMENT_TEAM = 4778UMCE49;
				ENABLE_PREVIEWS = YES;
				GENERATE_INFOPLIST_FILE = YES;
				INFOPLIST_KEY_UIApplicationSceneManifest_Generation = YES;
				INFOPLIST_KEY_UIApplicationSupportsIndirectInputEvents = YES;
				INFOPLIST_KEY_UILaunchScreen_Generation = YES;
				INFOPLIST_KEY_UISupportedInterfaceOrientations_iPad = "UIInterfaceOrientationPortrait UIInterfaceOrientationPortraitUpsideDown UIInterfaceOrientationLandscapeLeft UIInterfaceOrientationLandscapeRight";
				INFOPLIST_KEY_UISupportedInterfaceOrientations_iPhone = "UIInterfaceOrientationPortrait UIInterfaceOrientationLandscapeLeft UIInterfaceOrientationLandscapeRight";
				IPHONEOS_DEPLOYMENT_TARGET = 15.5;
				LD_RUNPATH_SEARCH_PATHS = (
					"$(inherited)",
					"@executable_path/Frameworks",
				);
				MARKETING_VERSION = 1.0;
				PRODUCT_BUNDLE_IDENTIFIER = ru.mobileup.Monitoring;
				PRODUCT_NAME = "$(TARGET_NAME)";
				SWIFT_EMIT_LOC_STRINGS = YES;
				SWIFT_VERSION = 5.0;
				TARGETED_DEVICE_FAMILY = "1,2";
			};
			name = Release;
		};
/* End XCBuildConfiguration section */

/* Begin XCConfigurationList section */
		E5A7DDB32927A5B400162509 /* Build configuration list for PBXProject "Monitoring" */ = {
			isa = XCConfigurationList;
			buildConfigurations = (
				E5A7DDC42927A5B700162509 /* Debug */,
				E5A7DDC52927A5B700162509 /* Release */,
			);
			defaultConfigurationIsVisible = 0;
			defaultConfigurationName = Release;
		};
		E5A7DDC62927A5B700162509 /* Build configuration list for PBXNativeTarget "Monitoring" */ = {
			isa = XCConfigurationList;
			buildConfigurations = (
				E5A7DDC72927A5B700162509 /* Debug */,
				E5A7DDC82927A5B700162509 /* Release */,
			);
			defaultConfigurationIsVisible = 0;
			defaultConfigurationName = Release;
		};
/* End XCConfigurationList section */
	};
	rootObject = E5A7DDB02927A5B400162509 /* Project object */;
}
